{
  "version": "5",
  "specifiers": {
    "jsr:@chrome-devtools/source-map-scopes-codec@1": "1.0.0",
    "npm:@jridgewell/sourcemap-codec@^1.5.0": "1.6.0"
  },
  "jsr": {
    "@chrome-devtools/source-map-scopes-codec@1.0.0": {
      "integrity": "aea8b7fa95005d474c151cb2b7e5081638442e1686289a3c0f116de73ec52de3"
    }
  },
  "npm": {
    "@jridgewell/sourcemap-codec@1.6.0": {
      "integrity": "sha512-T7jf+5zgsZHwNJ4lvQ7/aezbyk0nNX+zJVWpmHA7VYsEx7a7qr5Rg5IbtJFqkgze5Y2sruq1RUY8Q837Od7iFw=="
    }
  },
  "workspace": {
    "dependencies": [
      "jsr:@chrome-devtools/source-map-scopes-codec@1",
      "npm:@jridgewell/sourcemap-codec@^1.5.0"
    ]
  }
}
