{
  "version": "5",
  "specifiers": {
    "jsr:@chrome-devtools/source-map-scopes-codec@0.9": "0.9.0",
    "npm:@jridgewell/sourcemap-codec@^1.5.0": "1.6.0"
  },
  "jsr": {
    "@chrome-devtools/source-map-scopes-codec@0.9.0": {
      "integrity": "559501809e76333856aa637625b7c250f60dc2b29c00147b1dd86b9c990ed59a"
    }
  },
  "npm": {
    "@jridgewell/sourcemap-codec@1.6.0": {
      "integrity": "sha512-T7jf+5zgsZHwNJ4lvQ7/aezbyk0nNX+zJVWpmHA7VYsEx7a7qr5Rg5IbtJFqkgze5Y2sruq1RUY8Q837Od7iFw=="
    }
  },
  "workspace": {
    "dependencies": [
      "jsr:@chrome-devtools/source-map-scopes-codec@0.9",
      "npm:@jridgewell/sourcemap-codec@^1.5.0"
    ]
  }
}
